
Microsoft Visual Studio Solution File, Format Version 12.00
# Visual Studio Version 16
VisualStudioVersion = 16.0.36422.26
MinimumVisualStudioVersion = 10.0.40219.1
Project("{FAE04EC0-301F-11D3-BF4B-00C04F79EFBC}") = "Excel", "Excel\Excel.csproj", "{8375470C-035B-45CA-A1F5-759ACA6A2E08}"
EndProject
Global
	GlobalSection(SolutionConfigurationPlatforms) = preSolution
		Debug|Any CPU = Debug|Any CPU
		Release|Any CPU = Release|Any CPU
	EndGlobalSection
	GlobalSection(ProjectConfigurationPlatforms) = postSolution
		{8375470C-035B-45CA-A1F5-759ACA6A2E08}.Debug|Any CPU.ActiveCfg = Debug|Any CPU
		{8375470C-035B-45CA-A1F5-759ACA6A2E08}.Debug|Any CPU.Build.0 = Debug|Any CPU
		{8375470C-035B-45CA-A1F5-759ACA6A2E08}.Release|Any CPU.ActiveCfg = Release|Any CPU
		{8375470C-035B-45CA-A1F5-759ACA6A2E08}.Release|Any CPU.Build.0 = Release|Any CPU
	EndGlobalSection
	GlobalSection(SolutionProperties) = preSolution
		HideSolutionNode = FALSE
	EndGlobalSection
	GlobalSection(ExtensibilityGlobals) = postSolution
		SolutionGuid = {7362B6D1-C9F2-4644-ACDE-B19470DEDC99}
	EndGlobalSection
EndGlobal
